
Microsoft Visual Studio Solution File, Format Version 12.00
# Visual Studio Version 16
VisualStudioVersion = 16.0.30517.126
MinimumVisualStudioVersion = 10.0.40219.1
Project("{E24C65DC-7377-472B-9ABA-BC803B73C61A}") = "DemoWebSite", "DemoWebSite\", "{0F21AFE5-0CBF-428D-B54E-9F3D910E7C43}"
	ProjectSection(WebsiteProperties) = preProject
		TargetFrameworkMoniker = ".NETFramework,Version%3Dv4.5"
		Debug.AspNetCompiler.VirtualPath = "/DemoWebSite"
		Debug.AspNetCompiler.PhysicalPath = "DemoWebSite\"
		Debug.AspNetCompiler.TargetPath = "PrecompiledWeb\DemoWebSite\"
		Debug.AspNetCompiler.Updateable = "true"
		Debug.AspNetCompiler.ForceOverwrite = "true"
		Debug.AspNetCompiler.FixedNames = "false"
		Debug.AspNetCompiler.Debug = "True"
		Release.AspNetCompiler.VirtualPath = "/DemoWebSite"
		Release.AspNetCompiler.PhysicalPath = "DemoWebSite\"
		Release.AspNetCompiler.TargetPath = "PrecompiledWeb\DemoWebSite\"
		Release.AspNetCompiler.Updateable = "true"
		Release.AspNetCompiler.ForceOverwrite = "true"
		Release.AspNetCompiler.FixedNames = "false"
		Release.AspNetCompiler.Debug = "False"
		VWDPort = "1112"
	EndProjectSection
EndProject
Project("{2150E333-8FDC-42A3-9474-1A3956D46DE8}") = "Solution Items", "Solution Items", "{D271B15E-9A5E-4376-AF35-14659BEF09E1}"
	ProjectSection(SolutionItems) = preProject
		README.md = README.md
	EndProjectSection
EndProject
Global
	GlobalSection(SolutionConfigurationPlatforms) = preSolution
		Debug|Any CPU = Debug|Any CPU
	EndGlobalSection
	GlobalSection(ProjectConfigurationPlatforms) = postSolution
		{0F21AFE5-0CBF-428D-B54E-9F3D910E7C43}.Debug|Any CPU.ActiveCfg = Debug|Any CPU
		{0F21AFE5-0CBF-428D-B54E-9F3D910E7C43}.Debug|Any CPU.Build.0 = Debug|Any CPU
	EndGlobalSection
	GlobalSection(SolutionProperties) = preSolution
		HideSolutionNode = FALSE
	EndGlobalSection
	GlobalSection(ExtensibilityGlobals) = postSolution
		SolutionGuid = {6AC17A11-B33A-48D9-8D10-BEE1DD665734}
	EndGlobalSection
EndGlobal
